
Microsoft Visual Studio Solution File, Format Version 12.00
# Visual Studio Version 17
VisualStudioVersion = 17.1.32319.34
MinimumVisualStudioVersion = 10.0.40219.1
Project("{9A19103F-16F7-4668-BE54-9A1E7A4F7556}") = "Diplom", "Diplom\Diplom.csproj", "{80033377-EF98-4449-9063-4744E9BF1832}"
EndProject
Project("{9A19103F-16F7-4668-BE54-9A1E7A4F7556}") = "DiplomInfo.DataBase", "DiplomInfo.DataBase\DiplomInfo.DataBase.csproj", "{74ADA67B-B8A1-41C3-BDC8-D121BFEC7334}"
EndProject
Project("{9A19103F-16F7-4668-BE54-9A1E7A4F7556}") = "Diplom.InfoSecurity", "Diplom.InfoSecurity\Diplom.InfoSecurity.csproj", "{C57BA9AE-21EF-459B-AD1B-864D349A6FE5}"
EndProject
Global
	GlobalSection(SolutionConfigurationPlatforms) = preSolution
		Debug|Any CPU = Debug|Any CPU
		Release|Any CPU = Release|Any CPU
	EndGlobalSection
	GlobalSection(ProjectConfigurationPlatforms) = postSolution
		{80033377-EF98-4449-9063-4744E9BF1832}.Debug|Any CPU.ActiveCfg = Debug|Any CPU
		{80033377-EF98-4449-9063-4744E9BF1832}.Debug|Any CPU.Build.0 = Debug|Any CPU
		{80033377-EF98-4449-9063-4744E9BF1832}.Release|Any CPU.ActiveCfg = Release|Any CPU
		{80033377-EF98-4449-9063-4744E9BF1832}.Release|Any CPU.Build.0 = Release|Any CPU
		{74ADA67B-B8A1-41C3-BDC8-D121BFEC7334}.Debug|Any CPU.ActiveCfg = Debug|Any CPU
		{74ADA67B-B8A1-41C3-BDC8-D121BFEC7334}.Debug|Any CPU.Build.0 = Debug|Any CPU
		{74ADA67B-B8A1-41C3-BDC8-D121BFEC7334}.Release|Any CPU.ActiveCfg = Release|Any CPU
		{74ADA67B-B8A1-41C3-BDC8-D121BFEC7334}.Release|Any CPU.Build.0 = Release|Any CPU
		{C57BA9AE-21EF-459B-AD1B-864D349A6FE5}.Debug|Any CPU.ActiveCfg = Debug|Any CPU
		{C57BA9AE-21EF-459B-AD1B-864D349A6FE5}.Debug|Any CPU.Build.0 = Debug|Any CPU
		{C57BA9AE-21EF-459B-AD1B-864D349A6FE5}.Release|Any CPU.ActiveCfg = Release|Any CPU
		{C57BA9AE-21EF-459B-AD1B-864D349A6FE5}.Release|Any CPU.Build.0 = Release|Any CPU
	EndGlobalSection
	GlobalSection(SolutionProperties) = preSolution
		HideSolutionNode = FALSE
	EndGlobalSection
	GlobalSection(ExtensibilityGlobals) = postSolution
		SolutionGuid = {357298F1-2D17-4ED1-9585-3944A12A172D}
	EndGlobalSection
EndGlobal
